
Microsoft Visual Studio Solution File, Format Version 12.00
# Visual Studio Version 17
VisualStudioVersion = 17.14.37012.4
MinimumVisualStudioVersion = 10.0.40219.1
Project("{FAE04EC0-301F-11D3-BF4B-00C04F79EFBC}") = "CustomerManagement.Api", "CustomerManagement.Api\CustomerManagement.Api.csproj", "{10403DA5-3BB5-4290-9B83-EE14138AC33D}"
EndProject
Project("{FAE04EC0-301F-11D3-BF4B-00C04F79EFBC}") = "CustomerManagement.Contracts", "CustomerManagement.Contracts\CustomerManagement.Contracts.csproj", "{73C7AD24-945E-4F8D-B495-12A00D3EA47A}"
EndProject
Project("{FAE04EC0-301F-11D3-BF4B-00C04F79EFBC}") = "CustomerManagement.Client", "CustomerManagement.Client\CustomerManagement.Client.csproj", "{18C40C25-1870-4BC3-9537-2E3DC4F4EC1F}"
EndProject
Global
	GlobalSection(SolutionConfigurationPlatforms) = preSolution
		Debug|Any CPU = Debug|Any CPU
		Release|Any CPU = Release|Any CPU
	EndGlobalSection
	GlobalSection(ProjectConfigurationPlatforms) = postSolution
		{10403DA5-3BB5-4290-9B83-EE14138AC33D}.Debug|Any CPU.ActiveCfg = Debug|Any CPU
		{10403DA5-3BB5-4290-9B83-EE14138AC33D}.Debug|Any CPU.Build.0 = Debug|Any CPU
		{10403DA5-3BB5-4290-9B83-EE14138AC33D}.Release|Any CPU.ActiveCfg = Release|Any CPU
		{10403DA5-3BB5-4290-9B83-EE14138AC33D}.Release|Any CPU.Build.0 = Release|Any CPU
		{73C7AD24-945E-4F8D-B495-12A00D3EA47A}.Debug|Any CPU.ActiveCfg = Debug|Any CPU
		{73C7AD24-945E-4F8D-B495-12A00D3EA47A}.Debug|Any CPU.Build.0 = Debug|Any CPU
		{73C7AD24-945E-4F8D-B495-12A00D3EA47A}.Release|Any CPU.ActiveCfg = Release|Any CPU
		{73C7AD24-945E-4F8D-B495-12A00D3EA47A}.Release|Any CPU.Build.0 = Release|Any CPU
		{18C40C25-1870-4BC3-9537-2E3DC4F4EC1F}.Debug|Any CPU.ActiveCfg = Debug|Any CPU
		{18C40C25-1870-4BC3-9537-2E3DC4F4EC1F}.Debug|Any CPU.Build.0 = Debug|Any CPU
		{18C40C25-1870-4BC3-9537-2E3DC4F4EC1F}.Release|Any CPU.ActiveCfg = Release|Any CPU
		{18C40C25-1870-4BC3-9537-2E3DC4F4EC1F}.Release|Any CPU.Build.0 = Release|Any CPU
	EndGlobalSection
	GlobalSection(SolutionProperties) = preSolution
		HideSolutionNode = FALSE
	EndGlobalSection
	GlobalSection(ExtensibilityGlobals) = postSolution
		SolutionGuid = {D4553737-AB5E-416D-A8BF-53646E0A94CD}
	EndGlobalSection
EndGlobal
